
Microsoft Visual Studio Solution File, Format Version 12.00
# Visual Studio Version 16
VisualStudioVersion = 16.0.30114.105
MinimumVisualStudioVersion = 10.0.40219.1
Project("{FAE04EC0-301F-11D3-BF4B-00C04F79EFBC}") = "liu_library", "liu_library.csproj", "{3546AC1A-2923-4B0E-85AF-80E1286D97AB}"
EndProject
Global
	GlobalSection(SolutionConfigurationPlatforms) = preSolution
		Debug|Any CPU = Debug|Any CPU
		Release|Any CPU = Release|Any CPU
	EndGlobalSection
	GlobalSection(ProjectConfigurationPlatforms) = postSolution
		{3546AC1A-2923-4B0E-85AF-80E1286D97AB}.Debug|Any CPU.ActiveCfg = Debug|Any CPU
		{3546AC1A-2923-4B0E-85AF-80E1286D97AB}.Debug|Any CPU.Build.0 = Debug|Any CPU
		{3546AC1A-2923-4B0E-85AF-80E1286D97AB}.Release|Any CPU.ActiveCfg = Release|Any CPU
		{3546AC1A-2923-4B0E-85AF-80E1286D97AB}.Release|Any CPU.Build.0 = Release|Any CPU
	EndGlobalSection
	GlobalSection(SolutionProperties) = preSolution
		HideSolutionNode = FALSE
	EndGlobalSection
	GlobalSection(ExtensibilityGlobals) = postSolution
		SolutionGuid = {976219E7-E109-41CC-A3CA-027097828C2D}
	EndGlobalSection
EndGlobal
